
Microsoft Visual Studio Solution File, Format Version 12.00
# Visual Studio Version 17
VisualStudioVersion = 17.4.33205.214
MinimumVisualStudioVersion = 10.0.40219.1
Project("{FAE04EC0-301F-11D3-BF4B-00C04F79EFBC}") = "AuthenticationAuthorization", "AuthenticationAuthorization\AuthenticationAuthorization.csproj", "{B48CA1EE-1C2B-4F77-976A-E97D3032FEC1}"
EndProject
Global
	GlobalSection(SolutionConfigurationPlatforms) = preSolution
		Debug|Any CPU = Debug|Any CPU
		Release|Any CPU = Release|Any CPU
	EndGlobalSection
	GlobalSection(ProjectConfigurationPlatforms) = postSolution
		{B48CA1EE-1C2B-4F77-976A-E97D3032FEC1}.Debug|Any CPU.ActiveCfg = Debug|Any CPU
		{B48CA1EE-1C2B-4F77-976A-E97D3032FEC1}.Debug|Any CPU.Build.0 = Debug|Any CPU
		{B48CA1EE-1C2B-4F77-976A-E97D3032FEC1}.Release|Any CPU.ActiveCfg = Release|Any CPU
		{B48CA1EE-1C2B-4F77-976A-E97D3032FEC1}.Release|Any CPU.Build.0 = Release|Any CPU
	EndGlobalSection
	GlobalSection(SolutionProperties) = preSolution
		HideSolutionNode = FALSE
	EndGlobalSection
	GlobalSection(ExtensibilityGlobals) = postSolution
		SolutionGuid = {D2766C58-20F9-4190-8A38-5650385F3684}
	EndGlobalSection
EndGlobal
